{
  "version": 4,
  "terraform_version": "1.14.7",
  "serial": 4,
  "lineage": "b7a13630-f55b-8725-d588-e27df4759833",
  "outputs": {
    "ip_produccion": {
      "value": "165.22.34.95",
      "type": "string"
    },
    "ip_testing": {
      "value": "138.197.35.2",
      "type": "string"
    }
  },
  "resources": [
    {
      "mode": "managed",
      "type": "digitalocean_droplet",
      "name": "edutrack_testing",
      "provider": "provider[\"registry.terraform.io/digitalocean/digitalocean\"]",
      "instances": [
        {
          "schema_version": 1,
          "attributes": {
            "backup_policy": [],
            "backups": false,
            "created_at": "2026-03-26T02:03:01Z",
            "disk": 50,
            "droplet_agent": null,
            "graceful_shutdown": false,
            "id": "560900254",
            "image": "ubuntu-22-04-x64",
            "ipv4_address": "138.197.35.2",
            "ipv4_address_private": "10.108.0.3",
            "ipv6": false,
            "ipv6_address": "",
            "locked": false,
            "memory": 2048,
            "monitoring": false,
            "name": "edutrack-testing",
            "price_hourly": 0.01786,
            "price_monthly": 12,
            "private_networking": true,
            "region": "nyc3",
            "resize_disk": true,
            "size": "s-1vcpu-2gb",
            "ssh_keys": null,
            "status": "active",
            "tags": null,
            "timeouts": null,
            "urn": "do:droplet:560900254",
            "user_data": "346bfae56abb5fbaf950c1a037aeab5ff82cf3a8",
            "vcpus": 1,
            "volume_ids": [],
            "vpc_uuid": "adf270b1-6633-4dd3-8a23-3edb09169cd9"
          },
          "sensitive_attributes": [],
          "identity_schema_version": 0,
          "private": "eyJlMmJmYjczMC1lY2FhLTExZTYtOGY4OC0zNDM2M2JjN2M0YzAiOnsiY3JlYXRlIjozNjAwMDAwMDAwMDAwLCJkZWxldGUiOjYwMDAwMDAwMDAwLCJ1cGRhdGUiOjM2MDAwMDAwMDAwMDB9LCJzY2hlbWFfdmVyc2lvbiI6IjEifQ=="
        }
      ]
    },
    {
      "mode": "managed",
      "type": "digitalocean_droplet",
      "name": "edutrack_vm",
      "provider": "provider[\"registry.terraform.io/digitalocean/digitalocean\"]",
      "instances": [
        {
          "schema_version": 1,
          "attributes": {
            "backup_policy": [],
            "backups": false,
            "created_at": "2026-03-21T22:41:29Z",
            "disk": 50,
            "droplet_agent": null,
            "graceful_shutdown": false,
            "id": "559970189",
            "image": "ubuntu-22-04-x64",
            "ipv4_address": "165.22.34.95",
            "ipv4_address_private": "10.108.0.2",
            "ipv6": false,
            "ipv6_address": "",
            "locked": false,
            "memory": 2048,
            "monitoring": false,
            "name": "edutrack-production",
            "price_hourly": 0.01786,
            "price_monthly": 12,
            "private_networking": true,
            "region": "nyc3",
            "resize_disk": true,
            "size": "s-1vcpu-2gb",
            "ssh_keys": null,
            "status": "active",
            "tags": [],
            "timeouts": null,
            "urn": "do:droplet:559970189",
            "user_data": "346bfae56abb5fbaf950c1a037aeab5ff82cf3a8",
            "vcpus": 1,
            "volume_ids": [],
            "vpc_uuid": "adf270b1-6633-4dd3-8a23-3edb09169cd9"
          },
          "sensitive_attributes": [],
          "identity_schema_version": 0,
          "private": "eyJlMmJmYjczMC1lY2FhLTExZTYtOGY4OC0zNDM2M2JjN2M0YzAiOnsiY3JlYXRlIjozNjAwMDAwMDAwMDAwLCJkZWxldGUiOjYwMDAwMDAwMDAwLCJ1cGRhdGUiOjM2MDAwMDAwMDAwMDB9LCJzY2hlbWFfdmVyc2lvbiI6IjEifQ=="
        }
      ]
    }
  ],
  "check_results": null
}
